
Microsoft Visual Studio Solution File, Format Version 12.00
# Visual Studio 15
VisualStudioVersion = 15.0.27130.2010
MinimumVisualStudioVersion = 10.0.40219.1
Project("{FAE04EC0-301F-11D3-BF4B-00C04F79EFBC}") = "AngularDemo", "AngularDemo\AngularDemo.csproj", "{288BEB24-E1DF-4229-A333-B3C0B6046E90}"
EndProject
Global
	GlobalSection(SolutionConfigurationPlatforms) = preSolution
		Debug|Any CPU = Debug|Any CPU
		Release|Any CPU = Release|Any CPU
	EndGlobalSection
	GlobalSection(ProjectConfigurationPlatforms) = postSolution
		{288BEB24-E1DF-4229-A333-B3C0B6046E90}.Debug|Any CPU.ActiveCfg = Debug|Any CPU
		{288BEB24-E1DF-4229-A333-B3C0B6046E90}.Debug|Any CPU.Build.0 = Debug|Any CPU
		{288BEB24-E1DF-4229-A333-B3C0B6046E90}.Release|Any CPU.ActiveCfg = Release|Any CPU
		{288BEB24-E1DF-4229-A333-B3C0B6046E90}.Release|Any CPU.Build.0 = Release|Any CPU
	EndGlobalSection
	GlobalSection(SolutionProperties) = preSolution
		HideSolutionNode = FALSE
	EndGlobalSection
	GlobalSection(ExtensibilityGlobals) = postSolution
		SolutionGuid = {6272587A-C3DB-4506-9EA6-C56BBBBBB613}
	EndGlobalSection
EndGlobal
